
Microsoft Visual Studio Solution File, Format Version 12.00
# Visual Studio Version 16
VisualStudioVersion = 16.0.30011.22
MinimumVisualStudioVersion = 10.0.40219.1
Project("{FAE04EC0-301F-11D3-BF4B-00C04F79EFBC}") = "Online Assessment", "Online Assessment\Online Assessment.csproj", "{9BD13F59-F607-45E8-B7F5-190A1F5C92CA}"
EndProject
Global
	GlobalSection(SolutionConfigurationPlatforms) = preSolution
		Debug|Any CPU = Debug|Any CPU
		Release|Any CPU = Release|Any CPU
	EndGlobalSection
	GlobalSection(ProjectConfigurationPlatforms) = postSolution
		{9BD13F59-F607-45E8-B7F5-190A1F5C92CA}.Debug|Any CPU.ActiveCfg = Debug|Any CPU
		{9BD13F59-F607-45E8-B7F5-190A1F5C92CA}.Debug|Any CPU.Build.0 = Debug|Any CPU
		{9BD13F59-F607-45E8-B7F5-190A1F5C92CA}.Release|Any CPU.ActiveCfg = Release|Any CPU
		{9BD13F59-F607-45E8-B7F5-190A1F5C92CA}.Release|Any CPU.Build.0 = Release|Any CPU
	EndGlobalSection
	GlobalSection(SolutionProperties) = preSolution
		HideSolutionNode = FALSE
	EndGlobalSection
	GlobalSection(ExtensibilityGlobals) = postSolution
		SolutionGuid = {067A3E1A-FF75-4B1A-9429-6CE9203A460F}
	EndGlobalSection
EndGlobal
